
Microsoft Visual Studio Solution File, Format Version 12.00
# Visual Studio 14
VisualStudioVersion = 14.0.25420.1
MinimumVisualStudioVersion = 10.0.40219.1
Project("{FAE04EC0-301F-11D3-BF4B-00C04F79EFBC}") = "EF", "EF\EF.csproj", "{1C12FF01-CE09-47E9-B20F-7B00F1FA84EE}"
EndProject
Project("{FAE04EC0-301F-11D3-BF4B-00C04F79EFBC}") = "LibraryMVC", "LibraryMVC\LibraryMVC.csproj", "{2049A4F2-38B0-4375-98CA-EF092382EED6}"
EndProject
Project("{FAE04EC0-301F-11D3-BF4B-00C04F79EFBC}") = "WebModelServices", "WebModelService\WebModelServices.csproj", "{1A4C105A-E89E-4C74-95FF-CEF8984BDC26}"
EndProject
Global
	GlobalSection(SolutionConfigurationPlatforms) = preSolution
		Debug|Any CPU = Debug|Any CPU
		Release|Any CPU = Release|Any CPU
	EndGlobalSection
	GlobalSection(ProjectConfigurationPlatforms) = postSolution
		{1C12FF01-CE09-47E9-B20F-7B00F1FA84EE}.Debug|Any CPU.ActiveCfg = Debug|Any CPU
		{1C12FF01-CE09-47E9-B20F-7B00F1FA84EE}.Debug|Any CPU.Build.0 = Debug|Any CPU
		{1C12FF01-CE09-47E9-B20F-7B00F1FA84EE}.Release|Any CPU.ActiveCfg = Release|Any CPU
		{1C12FF01-CE09-47E9-B20F-7B00F1FA84EE}.Release|Any CPU.Build.0 = Release|Any CPU
		{2049A4F2-38B0-4375-98CA-EF092382EED6}.Debug|Any CPU.ActiveCfg = Debug|Any CPU
		{2049A4F2-38B0-4375-98CA-EF092382EED6}.Debug|Any CPU.Build.0 = Debug|Any CPU
		{2049A4F2-38B0-4375-98CA-EF092382EED6}.Release|Any CPU.ActiveCfg = Release|Any CPU
		{2049A4F2-38B0-4375-98CA-EF092382EED6}.Release|Any CPU.Build.0 = Release|Any CPU
		{1A4C105A-E89E-4C74-95FF-CEF8984BDC26}.Debug|Any CPU.ActiveCfg = Debug|Any CPU
		{1A4C105A-E89E-4C74-95FF-CEF8984BDC26}.Debug|Any CPU.Build.0 = Debug|Any CPU
		{1A4C105A-E89E-4C74-95FF-CEF8984BDC26}.Release|Any CPU.ActiveCfg = Release|Any CPU
		{1A4C105A-E89E-4C74-95FF-CEF8984BDC26}.Release|Any CPU.Build.0 = Release|Any CPU
	EndGlobalSection
	GlobalSection(SolutionProperties) = preSolution
		HideSolutionNode = FALSE
	EndGlobalSection
EndGlobal
